
Microsoft Visual Studio Solution File, Format Version 12.00
# Visual Studio Version 17
VisualStudioVersion = 17.0.31903.59
MinimumVisualStudioVersion = 10.0.40219.1
Project("{2150E333-8FDC-42A3-9474-1A3956D46DE8}") = "Zumra", "Zumra", "{7712E79A-0F2E-7E29-9566-6CE40E26250E}"
EndProject
Project("{2150E333-8FDC-42A3-9474-1A3956D46DE8}") = "src", "src", "{721A7011-2065-4580-83E8-7DBC8B18DDEC}"
	ProjectSection(SolutionItems) = preProject
		Readme.md = Readme.md
	EndProjectSection
EndProject
Project("{FAE04EC0-301F-11D3-BF4B-00C04F79EFBC}") = "Zumra.Domain", "Zumra\src\Zumra.Domain\Zumra.Domain.csproj", "{41A04CEB-FAEB-4427-B041-19945DB03523}"
EndProject
Project("{FAE04EC0-301F-11D3-BF4B-00C04F79EFBC}") = "Zumra.Application", "Zumra\src\Zumra.Application\Zumra.Application.csproj", "{415CF592-7FFA-41AC-8400-C32EC107854A}"
EndProject
Project("{FAE04EC0-301F-11D3-BF4B-00C04F79EFBC}") = "Zumra.Infrastructure", "Zumra\src\Zumra.Infrastructure\Zumra.Infrastructure.csproj", "{7EFEF832-2D37-48E4-BFED-1A03AC1FCF1D}"
EndProject
Project("{FAE04EC0-301F-11D3-BF4B-00C04F79EFBC}") = "Zumra.API", "Zumra\src\Zumra.API\Zumra.API.csproj", "{823587CC-61E1-47E8-BC87-5B39A883E8CD}"
EndProject
Project("{2150E333-8FDC-42A3-9474-1A3956D46DE8}") = "tests", "tests", "{085E40D9-7656-DBCE-EDBA-B9EFF18E1089}"
EndProject
Project("{FAE04EC0-301F-11D3-BF4B-00C04F79EFBC}") = "Zumra.Application.Tests", "Zumra\tests\Zumra.Application.Tests\Zumra.Application.Tests.csproj", "{C9F5A4D3-B3E6-47FB-A739-5679E1583A97}"
EndProject
Project("{FAE04EC0-301F-11D3-BF4B-00C04F79EFBC}") = "Zumra.API.Tests", "Zumra\tests\Zumra.API.Tests\Zumra.API.Tests.csproj", "{67AE7A0D-3521-47E6-84C4-95032CF758B6}"
EndProject
Project("{FAE04EC0-301F-11D3-BF4B-00C04F79EFBC}") = "Zumra.Infrastructure.Tests", "Zumra\tests\Zumra.Infrastructure.Tests\Zumra.Infrastructure.Tests.csproj", "{A4060678-42C7-4B8D-9B4C-35EFC75601AF}"
EndProject
Global
	GlobalSection(SolutionConfigurationPlatforms) = preSolution
		Debug|Any CPU = Debug|Any CPU
		Debug|x64 = Debug|x64
		Debug|x86 = Debug|x86
		Release|Any CPU = Release|Any CPU
		Release|x64 = Release|x64
		Release|x86 = Release|x86
	EndGlobalSection
	GlobalSection(ProjectConfigurationPlatforms) = postSolution
		{41A04CEB-FAEB-4427-B041-19945DB03523}.Debug|Any CPU.ActiveCfg = Debug|Any CPU
		{41A04CEB-FAEB-4427-B041-19945DB03523}.Debug|Any CPU.Build.0 = Debug|Any CPU
		{41A04CEB-FAEB-4427-B041-19945DB03523}.Debug|x64.ActiveCfg = Debug|Any CPU
		{41A04CEB-FAEB-4427-B041-19945DB03523}.Debug|x64.Build.0 = Debug|Any CPU
		{41A04CEB-FAEB-4427-B041-19945DB03523}.Debug|x86.ActiveCfg = Debug|Any CPU
		{41A04CEB-FAEB-4427-B041-19945DB03523}.Debug|x86.Build.0 = Debug|Any CPU
		{41A04CEB-FAEB-4427-B041-19945DB03523}.Release|Any CPU.ActiveCfg = Release|Any CPU
		{41A04CEB-FAEB-4427-B041-19945DB03523}.Release|Any CPU.Build.0 = Release|Any CPU
		{41A04CEB-FAEB-4427-B041-19945DB03523}.Release|x64.ActiveCfg = Release|Any CPU
		{41A04CEB-FAEB-4427-B041-19945DB03523}.Release|x64.Build.0 = Release|Any CPU
		{41A04CEB-FAEB-4427-B041-19945DB03523}.Release|x86.ActiveCfg = Release|Any CPU
		{41A04CEB-FAEB-4427-B041-19945DB03523}.Release|x86.Build.0 = Release|Any CPU
		{415CF592-7FFA-41AC-8400-C32EC107854A}.Debug|Any CPU.ActiveCfg = Debug|Any CPU
		{415CF592-7FFA-41AC-8400-C32EC107854A}.Debug|Any CPU.Build.0 = Debug|Any CPU
		{415CF592-7FFA-41AC-8400-C32EC107854A}.Debug|x64.ActiveCfg = Debug|Any CPU
		{415CF592-7FFA-41AC-8400-C32EC107854A}.Debug|x64.Build.0 = Debug|Any CPU
		{415CF592-7FFA-41AC-8400-C32EC107854A}.Debug|x86.ActiveCfg = Debug|Any CPU
		{415CF592-7FFA-41AC-8400-C32EC107854A}.Debug|x86.Build.0 = Debug|Any CPU
		{415CF592-7FFA-41AC-8400-C32EC107854A}.Release|Any CPU.ActiveCfg = Release|Any CPU
		{415CF592-7FFA-41AC-8400-C32EC107854A}.Release|Any CPU.Build.0 = Release|Any CPU
		{415CF592-7FFA-41AC-8400-C32EC107854A}.Release|x64.ActiveCfg = Release|Any CPU
		{415CF592-7FFA-41AC-8400-C32EC107854A}.Release|x64.Build.0 = Release|Any CPU
		{415CF592-7FFA-41AC-8400-C32EC107854A}.Release|x86.ActiveCfg = Release|Any CPU
		{415CF592-7FFA-41AC-8400-C32EC107854A}.Release|x86.Build.0 = Release|Any CPU
		{7EFEF832-2D37-48E4-BFED-1A03AC1FCF1D}.Debug|Any CPU.ActiveCfg = Debug|Any CPU
		{7EFEF832-2D37-48E4-BFED-1A03AC1FCF1D}.Debug|Any CPU.Build.0 = Debug|Any CPU
		{7EFEF832-2D37-48E4-BFED-1A03AC1FCF1D}.Debug|x64.ActiveCfg = Debug|Any CPU
		{7EFEF832-2D37-48E4-BFED-1A03AC1FCF1D}.Debug|x64.Build.0 = Debug|Any CPU
		{7EFEF832-2D37-48E4-BFED-1A03AC1FCF1D}.Debug|x86.ActiveCfg = Debug|Any CPU
		{7EFEF832-2D37-48E4-BFED-1A03AC1FCF1D}.Debug|x86.Build.0 = Debug|Any CPU
		{7EFEF832-2D37-48E4-BFED-1A03AC1FCF1D}.Release|Any CPU.ActiveCfg = Release|Any CPU
		{7EFEF832-2D37-48E4-BFED-1A03AC1FCF1D}.Release|Any CPU.Build.0 = Release|Any CPU
		{7EFEF832-2D37-48E4-BFED-1A03AC1FCF1D}.Release|x64.ActiveCfg = Release|Any CPU
		{7EFEF832-2D37-48E4-BFED-1A03AC1FCF1D}.Release|x64.Build.0 = Release|Any CPU
		{7EFEF832-2D37-48E4-BFED-1A03AC1FCF1D}.Release|x86.ActiveCfg = Release|Any CPU
		{7EFEF832-2D37-48E4-BFED-1A03AC1FCF1D}.Release|x86.Build.0 = Release|Any CPU
		{823587CC-61E1-47E8-BC87-5B39A883E8CD}.Debug|Any CPU.ActiveCfg = Debug|Any CPU
		{823587CC-61E1-47E8-BC87-5B39A883E8CD}.Debug|Any CPU.Build.0 = Debug|Any CPU
		{823587CC-61E1-47E8-BC87-5B39A883E8CD}.Debug|x64.ActiveCfg = Debug|Any CPU
		{823587CC-61E1-47E8-BC87-5B39A883E8CD}.Debug|x64.Build.0 = Debug|Any CPU
		{823587CC-61E1-47E8-BC87-5B39A883E8CD}.Debug|x86.ActiveCfg = Debug|Any CPU
		{823587CC-61E1-47E8-BC87-5B39A883E8CD}.Debug|x86.Build.0 = Debug|Any CPU
		{823587CC-61E1-47E8-BC87-5B39A883E8CD}.Release|Any CPU.ActiveCfg = Release|Any CPU
		{823587CC-61E1-47E8-BC87-5B39A883E8CD}.Release|Any CPU.Build.0 = Release|Any CPU
		{823587CC-61E1-47E8-BC87-5B39A883E8CD}.Release|x64.ActiveCfg = Release|Any CPU
		{823587CC-61E1-47E8-BC87-5B39A883E8CD}.Release|x64.Build.0 = Release|Any CPU
		{823587CC-61E1-47E8-BC87-5B39A883E8CD}.Release|x86.ActiveCfg = Release|Any CPU
		{823587CC-61E1-47E8-BC87-5B39A883E8CD}.Release|x86.Build.0 = Release|Any CPU
		{C9F5A4D3-B3E6-47FB-A739-5679E1583A97}.Debug|Any CPU.ActiveCfg = Debug|Any CPU
		{C9F5A4D3-B3E6-47FB-A739-5679E1583A97}.Debug|Any CPU.Build.0 = Debug|Any CPU
		{C9F5A4D3-B3E6-47FB-A739-5679E1583A97}.Debug|x64.ActiveCfg = Debug|Any CPU
		{C9F5A4D3-B3E6-47FB-A739-5679E1583A97}.Debug|x64.Build.0 = Debug|Any CPU
		{C9F5A4D3-B3E6-47FB-A739-5679E1583A97}.Debug|x86.ActiveCfg = Debug|Any CPU
		{C9F5A4D3-B3E6-47FB-A739-5679E1583A97}.Debug|x86.Build.0 = Debug|Any CPU
		{C9F5A4D3-B3E6-47FB-A739-5679E1583A97}.Release|Any CPU.ActiveCfg = Release|Any CPU
		{C9F5A4D3-B3E6-47FB-A739-5679E1583A97}.Release|Any CPU.Build.0 = Release|Any CPU
		{C9F5A4D3-B3E6-47FB-A739-5679E1583A97}.Release|x64.ActiveCfg = Release|Any CPU
		{C9F5A4D3-B3E6-47FB-A739-5679E1583A97}.Release|x64.Build.0 = Release|Any CPU
		{C9F5A4D3-B3E6-47FB-A739-5679E1583A97}.Release|x86.ActiveCfg = Release|Any CPU
		{C9F5A4D3-B3E6-47FB-A739-5679E1583A97}.Release|x86.Build.0 = Release|Any CPU
		{67AE7A0D-3521-47E6-84C4-95032CF758B6}.Debug|Any CPU.ActiveCfg = Debug|Any CPU
		{67AE7A0D-3521-47E6-84C4-95032CF758B6}.Debug|Any CPU.Build.0 = Debug|Any CPU
		{67AE7A0D-3521-47E6-84C4-95032CF758B6}.Debug|x64.ActiveCfg = Debug|Any CPU
		{67AE7A0D-3521-47E6-84C4-95032CF758B6}.Debug|x64.Build.0 = Debug|Any CPU
		{67AE7A0D-3521-47E6-84C4-95032CF758B6}.Debug|x86.ActiveCfg = Debug|Any CPU
		{67AE7A0D-3521-47E6-84C4-95032CF758B6}.Debug|x86.Build.0 = Debug|Any CPU
		{67AE7A0D-3521-47E6-84C4-95032CF758B6}.Release|Any CPU.ActiveCfg = Release|Any CPU
		{67AE7A0D-3521-47E6-84C4-95032CF758B6}.Release|Any CPU.Build.0 = Release|Any CPU
		{67AE7A0D-3521-47E6-84C4-95032CF758B6}.Release|x64.ActiveCfg = Release|Any CPU
		{67AE7A0D-3521-47E6-84C4-95032CF758B6}.Release|x64.Build.0 = Release|Any CPU
		{67AE7A0D-3521-47E6-84C4-95032CF758B6}.Release|x86.ActiveCfg = Release|Any CPU
		{67AE7A0D-3521-47E6-84C4-95032CF758B6}.Release|x86.Build.0 = Release|Any CPU
		{A4060678-42C7-4B8D-9B4C-35EFC75601AF}.Debug|Any CPU.ActiveCfg = Debug|Any CPU
		{A4060678-42C7-4B8D-9B4C-35EFC75601AF}.Debug|Any CPU.Build.0 = Debug|Any CPU
		{A4060678-42C7-4B8D-9B4C-35EFC75601AF}.Debug|x64.ActiveCfg = Debug|Any CPU
		{A4060678-42C7-4B8D-9B4C-35EFC75601AF}.Debug|x64.Build.0 = Debug|Any CPU
		{A4060678-42C7-4B8D-9B4C-35EFC75601AF}.Debug|x86.ActiveCfg = Debug|Any CPU
		{A4060678-42C7-4B8D-9B4C-35EFC75601AF}.Debug|x86.Build.0 = Debug|Any CPU
		{A4060678-42C7-4B8D-9B4C-35EFC75601AF}.Release|Any CPU.ActiveCfg = Release|Any CPU
		{A4060678-42C7-4B8D-9B4C-35EFC75601AF}.Release|Any CPU.Build.0 = Release|Any CPU
		{A4060678-42C7-4B8D-9B4C-35EFC75601AF}.Release|x64.ActiveCfg = Release|Any CPU
		{A4060678-42C7-4B8D-9B4C-35EFC75601AF}.Release|x64.Build.0 = Release|Any CPU
		{A4060678-42C7-4B8D-9B4C-35EFC75601AF}.Release|x86.ActiveCfg = Release|Any CPU
		{A4060678-42C7-4B8D-9B4C-35EFC75601AF}.Release|x86.Build.0 = Release|Any CPU
	EndGlobalSection
	GlobalSection(SolutionProperties) = preSolution
		HideSolutionNode = FALSE
	EndGlobalSection
	GlobalSection(NestedProjects) = preSolution
		{721A7011-2065-4580-83E8-7DBC8B18DDEC} = {7712E79A-0F2E-7E29-9566-6CE40E26250E}
		{41A04CEB-FAEB-4427-B041-19945DB03523} = {721A7011-2065-4580-83E8-7DBC8B18DDEC}
		{415CF592-7FFA-41AC-8400-C32EC107854A} = {721A7011-2065-4580-83E8-7DBC8B18DDEC}
		{7EFEF832-2D37-48E4-BFED-1A03AC1FCF1D} = {721A7011-2065-4580-83E8-7DBC8B18DDEC}
		{823587CC-61E1-47E8-BC87-5B39A883E8CD} = {721A7011-2065-4580-83E8-7DBC8B18DDEC}
		{085E40D9-7656-DBCE-EDBA-B9EFF18E1089} = {7712E79A-0F2E-7E29-9566-6CE40E26250E}
		{C9F5A4D3-B3E6-47FB-A739-5679E1583A97} = {085E40D9-7656-DBCE-EDBA-B9EFF18E1089}
		{67AE7A0D-3521-47E6-84C4-95032CF758B6} = {085E40D9-7656-DBCE-EDBA-B9EFF18E1089}
		{A4060678-42C7-4B8D-9B4C-35EFC75601AF} = {085E40D9-7656-DBCE-EDBA-B9EFF18E1089}
	EndGlobalSection
EndGlobal
